	<Project xmlns="http://schemas.microsoft.com/developer/msbuild/2003">
		<PropertyGroup>
			<ProjectGuid>{0A9A20ED-11F9-4C2D-868B-C13DD18AC9CD}</ProjectGuid>
			<MainSource>bfwReportingModule.dpk</MainSource>
			<ProjectVersion>12.3</ProjectVersion>
			<Base>True</Base>
			<Config Condition="'$(Config)'==''">Debug</Config>
			<Platform>Win32</Platform>
			<AppType>Package</AppType>
			<FrameworkType>None</FrameworkType>
			<DCC_DCCCompiler>DCC32</DCC_DCCCompiler>
		</PropertyGroup>
		<PropertyGroup Condition="'$(Config)'=='Base' or '$(Base)'!=''">
			<Base>true</Base>
		</PropertyGroup>
		<PropertyGroup Condition="'$(Config)'=='Debug' or '$(Cfg_1)'!=''">
			<Cfg_1>true</Cfg_1>
			<CfgParent>Base</CfgParent>
			<Base>true</Base>
		</PropertyGroup>
		<PropertyGroup Condition="'$(Config)'=='Release' or '$(Cfg_2)'!=''">
			<Cfg_2>true</Cfg_2>
			<CfgParent>Base</CfgParent>
			<Base>true</Base>
		</PropertyGroup>
		<PropertyGroup Condition="'$(Base)'!=''">
			<DCC_UNIT_DEPRECATED>false</DCC_UNIT_DEPRECATED>
			<DCC_ImageBase>00400000</DCC_ImageBase>
			<GenPackage>true</GenPackage>
			<DCC_SYMBOL_DEPRECATED>false</DCC_SYMBOL_DEPRECATED>
			<DCC_UnitAlias>WinTypes=Windows;WinProcs=Windows;DbiTypes=BDE;DbiProcs=BDE;$(DCC_UnitAlias)</DCC_UnitAlias>
			<DCC_SYMBOL_PLATFORM>false</DCC_SYMBOL_PLATFORM>
			<DCC_UNSUPPORTED_CONSTRUCT>false</DCC_UNSUPPORTED_CONSTRUCT>
			<DCC_CBuilderOutput>All</DCC_CBuilderOutput>
			<DCC_N>false</DCC_N>
			<DCC_K>false</DCC_K>
			<GenDll>true</GenDll>
			<DCC_S>false</DCC_S>
			<DCC_DcuOutput>.\$(Config)\$(Platform)</DCC_DcuOutput>
			<DCC_UNIT_PLATFORM>false</DCC_UNIT_PLATFORM>
			<DCC_F>false</DCC_F>
			<DCC_E>false</DCC_E>
		</PropertyGroup>
		<PropertyGroup Condition="'$(Cfg_1)'!=''">
			<DCC_Define>DEBUG;$(DCC_Define)</DCC_Define>
			<DCC_Optimize>false</DCC_Optimize>
			<DCC_GenerateStackFrames>true</DCC_GenerateStackFrames>
		</PropertyGroup>
		<PropertyGroup Condition="'$(Cfg_2)'!=''">
			<DCC_LocalDebugSymbols>false</DCC_LocalDebugSymbols>
			<DCC_Define>RELEASE;$(DCC_Define)</DCC_Define>
			<DCC_SymbolReferenceInfo>0</DCC_SymbolReferenceInfo>
			<DCC_DebugInformation>false</DCC_DebugInformation>
		</PropertyGroup>
		<ItemGroup>
			<DelphiCompile Include="bfwReportingModule.dpk">
				<MainSource>MainSource</MainSource>
			</DelphiCompile>
			<DCCReference Include="bfwCore.dcp"/>
			<DCCReference Include="bfwInterfaces.dcp"/>
			<DCCReference Include="bfwUI.dcp"/>
			<DCCReference Include="rtl.dcp"/>
			<DCCReference Include="ibxpress.dcp"/>
			<DCCReference Include="dxmdsD15.dcp"/>
			<DCCReference Include="dxNavBarD15.dcp"/>
			<DCCReference Include="fs15.dcp"/>
			<DCCReference Include="frx15.dcp"/>
			<DCCReference Include="frxDB15.dcp"/>
			<DCCReference Include="frxe15.dcp"/>
			<DCCReference Include="fsDB15.dcp"/>
			<DCCReference Include="dsnapcon.dcp"/>
			<DCCReference Include="cxPageControldxBarPopupMenuD15.dcp"/>
			<DCCReference Include="..\..\Sources\Modules\Reporting\bfwReportingModuleInit.pas"/>
			<DCCReference Include="..\..\Sources\Modules\Reporting\ReportingController.pas"/>
			<DCCReference Include="..\..\Sources\Modules\Reporting\ReportCatalogClasses.pas"/>
			<DCCReference Include="..\..\Sources\Modules\Reporting\ReportCatalogConst.pas"/>
			<DCCReference Include="..\..\Sources\Modules\Reporting\ReportCatalogDesigner.pas">
				<Form>frReportCatalogDesigner</Form>
			</DCCReference>
			<DCCReference Include="..\..\Sources\Modules\Reporting\ReportCatalogDesignerItem.pas">
				<Form>ReportCatalogDesignerItemView</Form>
			</DCCReference>
			<DCCReference Include="..\..\Sources\Modules\Reporting\ReportCatalogItemView.pas">
				<Form>frReportCatalogItemView</Form>
			</DCCReference>
			<DCCReference Include="..\..\Sources\Modules\Reporting\ReportCatalogPresenter.pas"/>
			<DCCReference Include="..\..\Sources\Modules\Reporting\ReportCatalogView.pas">
				<Form>frReportCatalogView</Form>
			</DCCReference>
			<DCCReference Include="..\..\Sources\Modules\Reporting\ReportLauncherPresenter.pas"/>
			<DCCReference Include="..\..\Sources\Modules\Reporting\ReportLauncherView.pas">
				<Form>frReportLauncherView</Form>
			</DCCReference>
			<DCCReference Include="..\..\Sources\Modules\Reporting\ReportSetupPresenter.pas"/>
			<DCCReference Include="..\..\Sources\Modules\Reporting\ReportSetupView.pas">
				<Form>frReportSetupView</Form>
			</DCCReference>
			<DCCReference Include="..\..\Sources\Modules\Reporting\EngineFR\frReportFactory.pas"/>
			<DCCReference Include="..\..\Sources\Modules\Reporting\EngineFR\frReportPreviewPresenter.pas"/>
			<DCCReference Include="..\..\Sources\Modules\Reporting\EngineFR\frReportPreviewView.pas">
				<Form>frfrReportPreviewView</Form>
			</DCCReference>
			<DCCReference Include="..\..\Sources\Modules\Reporting\EngineXL\xlReportClasses.pas"/>
			<DCCReference Include="..\..\Sources\Modules\Reporting\EngineXL\xlReportFactory.pas"/>
			<DCCReference Include="..\..\Sources\Modules\Reporting\EngineXL\xlReportMetadata.pas"/>
			<DCCReference Include="..\..\Sources\Modules\Reporting\EngineXL\xlReportLibrary\Source\Excel8G2.pas"/>
			<DCCReference Include="..\..\Sources\Modules\Reporting\EngineXL\xlReportLibrary\Source\Office8G2.pas"/>
			<DCCReference Include="..\..\Sources\Modules\Reporting\EngineXL\xlReportLibrary\Source\VBIDE8G2.pas"/>
			<DCCReference Include="..\..\Sources\Modules\Reporting\EngineXL\xlReportLibrary\Source\xlAbout.pas">
				<Form>fxlAbout</Form>
			</DCCReference>
			<DCCReference Include="..\..\Sources\Modules\Reporting\EngineXL\xlReportLibrary\Source\xlcClasses.pas"/>
			<DCCReference Include="..\..\Sources\Modules\Reporting\EngineXL\xlReportLibrary\Source\xlcOPack.pas"/>
			<DCCReference Include="..\..\Sources\Modules\Reporting\EngineXL\xlReportLibrary\Source\xlcUtils.pas"/>
			<DCCReference Include="..\..\Sources\Modules\Reporting\EngineXL\xlReportLibrary\Source\xlEngine.pas"/>
			<DCCReference Include="..\..\Sources\Modules\Reporting\EngineXL\xlReportLibrary\Source\xlPivotOPack.pas"/>
			<DCCReference Include="..\..\Sources\Modules\Reporting\EngineXL\xlReportLibrary\Source\xlProOPack.pas"/>
			<DCCReference Include="..\..\Sources\Modules\Reporting\EngineXL\xlReportLibrary\Source\xlReport.pas"/>
			<DCCReference Include="..\..\Sources\Modules\Reporting\EngineXL\xlReportLibrary\Source\xlReportG2.pas"/>
			<DCCReference Include="..\..\Sources\Modules\Reporting\EngineXL\xlReportLibrary\Source\xlStdOPack.pas"/>
			<DCCReference Include="..\..\Sources\Modules\Reporting\EngineFR\frDataSet.pas"/>
			<RcCompile Include="..\..\Sources\Modules\Reporting\EngineFR\frDataSet.rc">
				<Form>frRes.res</Form>
			</RcCompile>
			<BuildConfiguration Include="Release">
				<Key>Cfg_2</Key>
				<CfgParent>Base</CfgParent>
			</BuildConfiguration>
			<BuildConfiguration Include="Base">
				<Key>Base</Key>
			</BuildConfiguration>
			<BuildConfiguration Include="Debug">
				<Key>Cfg_1</Key>
				<CfgParent>Base</CfgParent>
			</BuildConfiguration>
		</ItemGroup>
		<Import Condition="Exists('$(BDS)\Bin\CodeGear.Delphi.Targets')" Project="$(BDS)\Bin\CodeGear.Delphi.Targets"/>
		<Import Condition="Exists('$(APPDATA)\Embarcadero\$(BDSAPPDATABASEDIR)\$(PRODUCTVERSION)\UserTools.proj')" Project="$(APPDATA)\Embarcadero\$(BDSAPPDATABASEDIR)\$(PRODUCTVERSION)\UserTools.proj"/>
		<ProjectExtensions>
			<Borland.Personality>Delphi.Personality.12</Borland.Personality>
			<Borland.ProjectType>Package</Borland.ProjectType>
			<BorlandProject>
				<Delphi.Personality>
					<Source>
						<Source Name="MainSource">bfwReportingModule.dpk</Source>
					</Source>
					<VersionInfo>
						<VersionInfo Name="IncludeVerInfo">True</VersionInfo>
						<VersionInfo Name="AutoIncBuild">False</VersionInfo>
						<VersionInfo Name="MajorVer">1</VersionInfo>
						<VersionInfo Name="MinorVer">0</VersionInfo>
						<VersionInfo Name="Release">0</VersionInfo>
						<VersionInfo Name="Build">0</VersionInfo>
						<VersionInfo Name="Debug">False</VersionInfo>
						<VersionInfo Name="PreRelease">False</VersionInfo>
						<VersionInfo Name="Special">False</VersionInfo>
						<VersionInfo Name="Private">False</VersionInfo>
						<VersionInfo Name="DLL">False</VersionInfo>
						<VersionInfo Name="Locale">1049</VersionInfo>
						<VersionInfo Name="CodePage">1251</VersionInfo>
					</VersionInfo>
					<VersionInfoKeys>
						<VersionInfoKeys Name="CompanyName"/>
						<VersionInfoKeys Name="FileDescription"/>
						<VersionInfoKeys Name="FileVersion">1.0.0.0</VersionInfoKeys>
						<VersionInfoKeys Name="InternalName"/>
						<VersionInfoKeys Name="LegalCopyright"/>
						<VersionInfoKeys Name="LegalTrademarks"/>
						<VersionInfoKeys Name="OriginalFilename"/>
						<VersionInfoKeys Name="ProductName"/>
						<VersionInfoKeys Name="ProductVersion">1.0.0.0</VersionInfoKeys>
						<VersionInfoKeys Name="Comments"/>
					</VersionInfoKeys>
				</Delphi.Personality>
				<Platforms>
					<Platform value="Win32">True</Platform>
				</Platforms>
			</BorlandProject>
			<ProjectFileVersion>12</ProjectFileVersion>
		</ProjectExtensions>
	</Project>
